
Microsoft Visual Studio Solution File, Format Version 12.00
# Visual Studio 15
VisualStudioVersion = 15.0.26430.14
MinimumVisualStudioVersion = 10.0.40219.1
Project("{FAE04EC0-301F-11D3-BF4B-00C04F79EFBC}") = "SportStore.Domain", "SportStore.Domain\SportStore.Domain.csproj", "{70CEF2CC-70F5-4BAB-B62E-0592EF4BE76D}"
EndProject
Project("{FAE04EC0-301F-11D3-BF4B-00C04F79EFBC}") = "SportStore.WebUI", "SportStore.WebUI\SportStore.WebUI.csproj", "{8516C5A1-AE49-4FFE-840E-BD9FC6D9BDC3}"
EndProject
Project("{FAE04EC0-301F-11D3-BF4B-00C04F79EFBC}") = "SportStore.UnitTests", "SportStore.UnitTests\SportStore.UnitTests.csproj", "{31EA40E8-468B-40C2-BCF4-352C5228D4DD}"
EndProject
Global
	GlobalSection(SolutionConfigurationPlatforms) = preSolution
		Debug|Any CPU = Debug|Any CPU
		Release|Any CPU = Release|Any CPU
	EndGlobalSection
	GlobalSection(ProjectConfigurationPlatforms) = postSolution
		{70CEF2CC-70F5-4BAB-B62E-0592EF4BE76D}.Debug|Any CPU.ActiveCfg = Debug|Any CPU
		{70CEF2CC-70F5-4BAB-B62E-0592EF4BE76D}.Debug|Any CPU.Build.0 = Debug|Any CPU
		{70CEF2CC-70F5-4BAB-B62E-0592EF4BE76D}.Release|Any CPU.ActiveCfg = Release|Any CPU
		{70CEF2CC-70F5-4BAB-B62E-0592EF4BE76D}.Release|Any CPU.Build.0 = Release|Any CPU
		{8516C5A1-AE49-4FFE-840E-BD9FC6D9BDC3}.Debug|Any CPU.ActiveCfg = Debug|Any CPU
		{8516C5A1-AE49-4FFE-840E-BD9FC6D9BDC3}.Debug|Any CPU.Build.0 = Debug|Any CPU
		{8516C5A1-AE49-4FFE-840E-BD9FC6D9BDC3}.Release|Any CPU.ActiveCfg = Release|Any CPU
		{8516C5A1-AE49-4FFE-840E-BD9FC6D9BDC3}.Release|Any CPU.Build.0 = Release|Any CPU
		{31EA40E8-468B-40C2-BCF4-352C5228D4DD}.Debug|Any CPU.ActiveCfg = Debug|Any CPU
		{31EA40E8-468B-40C2-BCF4-352C5228D4DD}.Debug|Any CPU.Build.0 = Debug|Any CPU
		{31EA40E8-468B-40C2-BCF4-352C5228D4DD}.Release|Any CPU.ActiveCfg = Release|Any CPU
		{31EA40E8-468B-40C2-BCF4-352C5228D4DD}.Release|Any CPU.Build.0 = Release|Any CPU
	EndGlobalSection
	GlobalSection(SolutionProperties) = preSolution
		HideSolutionNode = FALSE
	EndGlobalSection
EndGlobal
